
Microsoft Visual Studio Solution File, Format Version 12.00
# Visual Studio Version 16
VisualStudioVersion = 16.0.30114.105
MinimumVisualStudioVersion = 10.0.40219.1
Project("{FAE04EC0-301F-11D3-BF4B-00C04F79EFBC}") = "Latihanclass", "Latihanclass\Latihanclass.csproj", "{896F6ADA-8FEB-4FBA-BFB2-2E7242D5C6FD}"
EndProject
Global
	GlobalSection(SolutionConfigurationPlatforms) = preSolution
		Debug|Any CPU = Debug|Any CPU
		Release|Any CPU = Release|Any CPU
	EndGlobalSection
	GlobalSection(SolutionProperties) = preSolution
		HideSolutionNode = FALSE
	EndGlobalSection
	GlobalSection(ProjectConfigurationPlatforms) = postSolution
		{896F6ADA-8FEB-4FBA-BFB2-2E7242D5C6FD}.Debug|Any CPU.ActiveCfg = Debug|Any CPU
		{896F6ADA-8FEB-4FBA-BFB2-2E7242D5C6FD}.Debug|Any CPU.Build.0 = Debug|Any CPU
		{896F6ADA-8FEB-4FBA-BFB2-2E7242D5C6FD}.Release|Any CPU.ActiveCfg = Release|Any CPU
		{896F6ADA-8FEB-4FBA-BFB2-2E7242D5C6FD}.Release|Any CPU.Build.0 = Release|Any CPU
	EndGlobalSection
EndGlobal
